version = 1
revision = 3
requires-python = ">=3.13"

[[package]]
name = "autocorrect"
version = "2.6.1"
source = { registry = "https://pypi.org/simple" }
sdist = { url = "https://files.pythonhosted.org/packages/96/cb/55fd549def80011b09dbd7bef6ad06ec4453745294bcfe6c63a270070046/autocorrect-2.6.1.tar.gz", hash = "sha256:2bc68192dc645b44bece2613caac338e93548c3dac9c563095b27224c7fd4391", size = 622775, upload-time = "2021-12-04T20:33:56.928Z" }

[[package]]
name = "clean-text"
version = "0.6.0"
source = { registry = "https://pypi.org/simple" }
dependencies = [
    { name = "emoji" },
    { name = "ftfy" },
]
sdist = { url = "https://files.pythonhosted.org/packages/c3/5c/3151736165b123611351c103908f24841d88df0dfe455ece15b2657adeae/clean-text-0.6.0.tar.gz", hash = "sha256:8374b385fc2a26e06383f62aed076fa6be115e5832239e2a7fd8b344fa8d2ab2", size = 12432, upload-time = "2022-02-02T21:45:52.162Z" }
wheels = [
    { url = "https://files.pythonhosted.org/packages/34/7f/c99da1cf5b69ed112b3f21029f2cbf37ee4dbffc4607fa0c5601f1991410/clean_text-0.6.0-py3-none-any.whl", hash = "sha256:4fedb156042f192cdef9ed5324b281465f1116aba96791e9289384a2e6bec4da", size = 11586, upload-time = "2022-02-02T21:45:53.98Z" },
]

[[package]]
name = "emoji"
version = "1.7.0"
source = { registry = "https://pypi.org/simple" }
sdist = { url = "https://files.pythonhosted.org/packages/68/8a/b08dd0b946f0843cba782e3784cd979c33f144e5e7c37fb0162dc47acd43/emoji-1.7.0.tar.gz", hash = "sha256:65c54533ea3c78f30d0729288998715f418d7467de89ec258a31c0ce8660a1d1", size = 175436, upload-time = "2022-03-08T17:51:05.642Z" }

[[package]]
name = "et-xmlfile"
version = "2.0.0"
source = { registry = "https://pypi.org/simple" }
sdist = { url = "https://files.pythonhosted.org/packages/d3/38/af70d7ab1ae9d4da450eeec1fa3918940a5fafb9055e934af8d6eb0c2313/et_xmlfile-2.0.0.tar.gz", hash = "sha256:dab3f4764309081ce75662649be815c4c9081e88f0837825f90fd28317d4da54", size = 17234, upload-time = "2024-10-25T17:25:40.039Z" }
wheels = [
    { url = "https://files.pythonhosted.org/packages/c1/8b/5fe2cc11fee489817272089c4203e679c63b570a5aaeb18d852ae3cbba6a/et_xmlfile-2.0.0-py3-none-any.whl", hash = "sha256:7a91720bc756843502c3b7504c77b8fe44217c85c537d85037f0f536151b2caa", size = 18059, upload-time = "2024-10-25T17:25:39.051Z" },
]

[[package]]
name = "ftfy"
version = "6.3.1"
source = { registry = "https://pypi.org/simple" }
dependencies = [
    { name = "wcwidth" },
]
sdist = { url = "https://files.pythonhosted.org/packages/a5/d3/8650919bc3c7c6e90ee3fa7fd618bf373cbbe55dff043bd67353dbb20cd8/ftfy-6.3.1.tar.gz", hash = "sha256:9b3c3d90f84fb267fe64d375a07b7f8912d817cf86009ae134aa03e1819506ec", size = 308927, upload-time = "2024-10-26T00:50:35.149Z" }
wheels = [
    { url = "https://files.pythonhosted.org/packages/ab/6e/81d47999aebc1b155f81eca4477a616a70f238a2549848c38983f3c22a82/ftfy-6.3.1-py3-none-any.whl", hash = "sha256:7c70eb532015cd2f9adb53f101fb6c7945988d023a085d127d1573dc49dd0083", size = 44821, upload-time = "2024-10-26T00:50:33.425Z" },
]

[[package]]
name = "numpy"
version = "2.3.2"
source = { registry = "https://pypi.org/simple" }
sdist = { url = "https://files.pythonhosted.org/packages/37/7d/3fec4199c5ffb892bed55cff901e4f39a58c81df9c44c280499e92cad264/numpy-2.3.2.tar.gz", hash = "sha256:e0486a11ec30cdecb53f184d496d1c6a20786c81e55e41640270130056f8ee48", size = 20489306, upload-time = "2025-07-24T21:32:07.553Z" }
wheels = [
    { url = "https://files.pythonhosted.org/packages/1c/c0/c6bb172c916b00700ed3bf71cb56175fd1f7dbecebf8353545d0b5519f6c/numpy-2.3.2-cp313-cp313-macosx_10_13_x86_64.whl", hash = "sha256:c8d9727f5316a256425892b043736d63e89ed15bbfe6556c5ff4d9d4448ff3b3", size = 20949074, upload-time = "2025-07-24T20:43:07.813Z" },
    { url = "https://files.pythonhosted.org/packages/20/4e/c116466d22acaf4573e58421c956c6076dc526e24a6be0903219775d862e/numpy-2.3.2-cp313-cp313-macosx_11_0_arm64.whl", hash = "sha256:efc81393f25f14d11c9d161e46e6ee348637c0a1e8a54bf9dedc472a3fae993b", size = 14177311, upload-time = "2025-07-24T20:43:29.335Z" },
    { url = "https://files.pythonhosted.org/packages/78/45/d4698c182895af189c463fc91d70805d455a227261d950e4e0f1310c2550/numpy-2.3.2-cp313-cp313-macosx_14_0_arm64.whl", hash = "sha256:dd937f088a2df683cbb79dda9a772b62a3e5a8a7e76690612c2737f38c6ef1b6", size = 5106022, upload-time = "2025-07-24T20:43:37.999Z" },
    { url = "https://files.pythonhosted.org/packages/9f/76/3e6880fef4420179309dba72a8c11f6166c431cf6dee54c577af8906f914/numpy-2.3.2-cp313-cp313-macosx_14_0_x86_64.whl", hash = "sha256:11e58218c0c46c80509186e460d79fbdc9ca1eb8d8aee39d8f2dc768eb781089", size = 6640135, upload-time = "2025-07-24T20:43:49.28Z" },
    { url = "https://files.pythonhosted.org/packages/34/fa/87ff7f25b3c4ce9085a62554460b7db686fef1e0207e8977795c7b7d7ba1/numpy-2.3.2-cp313-cp313-manylinux_2_27_aarch64.manylinux_2_28_aarch64.whl", hash = "sha256:5ad4ebcb683a1f99f4f392cc522ee20a18b2bb12a2c1c42c3d48d5a1adc9d3d2", size = 14278147, upload-time = "2025-07-24T20:44:10.328Z" },
    { url = "https://files.pythonhosted.org/packages/1d/0f/571b2c7a3833ae419fe69ff7b479a78d313581785203cc70a8db90121b9a/numpy-2.3.2-cp313-cp313-manylinux_2_27_x86_64.manylinux_2_28_x86_64.whl", hash = "sha256:938065908d1d869c7d75d8ec45f735a034771c6ea07088867f713d1cd3bbbe4f", size = 16635989, upload-time = "2025-07-24T20:44:34.88Z" },
    { url = "https://files.pythonhosted.org/packages/24/5a/84ae8dca9c9a4c592fe11340b36a86ffa9fd3e40513198daf8a97839345c/numpy-2.3.2-cp313-cp313-musllinux_1_2_aarch64.whl", hash = "sha256:66459dccc65d8ec98cc7df61307b64bf9e08101f9598755d42d8ae65d9a7a6ee", size = 16053052, upload-time = "2025-07-24T20:44:58.872Z" },
    { url = "https://files.pythonhosted.org/packages/57/7c/e5725d99a9133b9813fcf148d3f858df98511686e853169dbaf63aec6097/numpy-2.3.2-cp313-cp313-musllinux_1_2_x86_64.whl", hash = "sha256:a7af9ed2aa9ec5950daf05bb11abc4076a108bd3c7db9aa7251d5f107079b6a6", size = 18577955, upload-time = "2025-07-24T20:45:26.714Z" },
    { url = "https://files.pythonhosted.org/packages/ae/11/7c546fcf42145f29b71e4d6f429e96d8d68e5a7ba1830b2e68d7418f0bbd/numpy-2.3.2-cp313-cp313-win32.whl", hash = "sha256:906a30249315f9c8e17b085cc5f87d3f369b35fedd0051d4a84686967bdbbd0b", size = 6311843, upload-time = "2025-07-24T20:49:24.444Z" },
    { url = "https://files.pythonhosted.org/packages/aa/6f/a428fd1cb7ed39b4280d057720fed5121b0d7754fd2a9768640160f5517b/numpy-2.3.2-cp313-cp313-win_amd64.whl", hash = "sha256:c63d95dc9d67b676e9108fe0d2182987ccb0f11933c1e8959f42fa0da8d4fa56", size = 12782876, upload-time = "2025-07-24T20:49:43.227Z" },
    { url = "https://files.pythonhosted.org/packages/65/85/4ea455c9040a12595fb6c43f2c217257c7b52dd0ba332c6a6c1d28b289fe/numpy-2.3.2-cp313-cp313-win_arm64.whl", hash = "sha256:b05a89f2fb84d21235f93de47129dd4f11c16f64c87c33f5e284e6a3a54e43f2", size = 10192786, upload-time = "2025-07-24T20:49:59.443Z" },
    { url = "https://files.pythonhosted.org/packages/80/23/8278f40282d10c3f258ec3ff1b103d4994bcad78b0cba9208317f6bb73da/numpy-2.3.2-cp313-cp313t-macosx_10_13_x86_64.whl", hash = "sha256:4e6ecfeddfa83b02318f4d84acf15fbdbf9ded18e46989a15a8b6995dfbf85ab", size = 21047395, upload-time = "2025-07-24T20:45:58.821Z" },
    { url = "https://files.pythonhosted.org/packages/1f/2d/624f2ce4a5df52628b4ccd16a4f9437b37c35f4f8a50d00e962aae6efd7a/numpy-2.3.2-cp313-cp313t-macosx_11_0_arm64.whl", hash = "sha256:508b0eada3eded10a3b55725b40806a4b855961040180028f52580c4729916a2", size = 14300374, upload-time = "2025-07-24T20:46:20.207Z" },
    { url = "https://files.pythonhosted.org/packages/f6/62/ff1e512cdbb829b80a6bd08318a58698867bca0ca2499d101b4af063ee97/numpy-2.3.2-cp313-cp313t-macosx_14_0_arm64.whl", hash = "sha256:754d6755d9a7588bdc6ac47dc4ee97867271b17cee39cb87aef079574366db0a", size = 5228864, upload-time = "2025-07-24T20:46:30.58Z" },
    { url = "https://files.pythonhosted.org/packages/7d/8e/74bc18078fff03192d4032cfa99d5a5ca937807136d6f5790ce07ca53515/numpy-2.3.2-cp313-cp313t-macosx_14_0_x86_64.whl", hash = "sha256:a9f66e7d2b2d7712410d3bc5684149040ef5f19856f20277cd17ea83e5006286", size = 6737533, upload-time = "2025-07-24T20:46:46.111Z" },
    { url = "https://files.pythonhosted.org/packages/19/ea/0731efe2c9073ccca5698ef6a8c3667c4cf4eea53fcdcd0b50140aba03bc/numpy-2.3.2-cp313-cp313t-manylinux_2_27_aarch64.manylinux_2_28_aarch64.whl", hash = "sha256:de6ea4e5a65d5a90c7d286ddff2b87f3f4ad61faa3db8dabe936b34c2275b6f8", size = 14352007, upload-time = "2025-07-24T20:47:07.1Z" },
    { url = "https://files.pythonhosted.org/packages/cf/90/36be0865f16dfed20f4bc7f75235b963d5939707d4b591f086777412ff7b/numpy-2.3.2-cp313-cp313t-manylinux_2_27_x86_64.manylinux_2_28_x86_64.whl", hash = "sha256:a3ef07ec8cbc8fc9e369c8dcd52019510c12da4de81367d8b20bc692aa07573a", size = 16701914, upload-time = "2025-07-24T20:47:32.459Z" },
    { url = "https://files.pythonhosted.org/packages/94/30/06cd055e24cb6c38e5989a9e747042b4e723535758e6153f11afea88c01b/numpy-2.3.2-cp313-cp313t-musllinux_1_2_aarch64.whl", hash = "sha256:27c9f90e7481275c7800dc9c24b7cc40ace3fdb970ae4d21eaff983a32f70c91", size = 16132708, upload-time = "2025-07-24T20:47:58.129Z" },
    { url = "https://files.pythonhosted.org/packages/9a/14/ecede608ea73e58267fd7cb78f42341b3b37ba576e778a1a06baffbe585c/numpy-2.3.2-cp313-cp313t-musllinux_1_2_x86_64.whl", hash = "sha256:07b62978075b67eee4065b166d000d457c82a1efe726cce608b9db9dd66a73a5", size = 18651678, upload-time = "2025-07-24T20:48:25.402Z" },
    { url = "https://files.pythonhosted.org/packages/40/f3/2fe6066b8d07c3685509bc24d56386534c008b462a488b7f503ba82b8923/numpy-2.3.2-cp313-cp313t-win32.whl", hash = "sha256:c771cfac34a4f2c0de8e8c97312d07d64fd8f8ed45bc9f5726a7e947270152b5", size = 6441832, upload-time = "2025-07-24T20:48:37.181Z" },
    { url = "https://files.pythonhosted.org/packages/0b/ba/0937d66d05204d8f28630c9c60bc3eda68824abde4cf756c4d6aad03b0c6/numpy-2.3.2-cp313-cp313t-win_amd64.whl", hash = "sha256:72dbebb2dcc8305c431b2836bcc66af967df91be793d63a24e3d9b741374c450", size = 12927049, upload-time = "2025-07-24T20:48:56.24Z" },
    { url = "https://files.pythonhosted.org/packages/e9/ed/13542dd59c104d5e654dfa2ac282c199ba64846a74c2c4bcdbc3a0f75df1/numpy-2.3.2-cp313-cp313t-win_arm64.whl", hash = "sha256:72c6df2267e926a6d5286b0a6d556ebe49eae261062059317837fda12ddf0c1a", size = 10262935, upload-time = "2025-07-24T20:49:13.136Z" },
    { url = "https://files.pythonhosted.org/packages/c9/7c/7659048aaf498f7611b783e000c7268fcc4dcf0ce21cd10aad7b2e8f9591/numpy-2.3.2-cp314-cp314-macosx_10_13_x86_64.whl", hash = "sha256:448a66d052d0cf14ce9865d159bfc403282c9bc7bb2a31b03cc18b651eca8b1a", size = 20950906, upload-time = "2025-07-24T20:50:30.346Z" },
    { url = "https://files.pythonhosted.org/packages/80/db/984bea9d4ddf7112a04cfdfb22b1050af5757864cfffe8e09e44b7f11a10/numpy-2.3.2-cp314-cp314-macosx_11_0_arm64.whl", hash = "sha256:546aaf78e81b4081b2eba1d105c3b34064783027a06b3ab20b6eba21fb64132b", size = 14185607, upload-time = "2025-07-24T20:50:51.923Z" },
    { url = "https://files.pythonhosted.org/packages/e4/76/b3d6f414f4eca568f469ac112a3b510938d892bc5a6c190cb883af080b77/numpy-2.3.2-cp314-cp314-macosx_14_0_arm64.whl", hash = "sha256:87c930d52f45df092f7578889711a0768094debf73cfcde105e2d66954358125", size = 5114110, upload-time = "2025-07-24T20:51:01.041Z" },
    { url = "https://files.pythonhosted.org/packages/9e/d2/6f5e6826abd6bca52392ed88fe44a4b52aacb60567ac3bc86c67834c3a56/numpy-2.3.2-cp314-cp314-macosx_14_0_x86_64.whl", hash = "sha256:8dc082ea901a62edb8f59713c6a7e28a85daddcb67454c839de57656478f5b19", size = 6642050, upload-time = "2025-07-24T20:51:11.64Z" },
    { url = "https://files.pythonhosted.org/packages/c4/43/f12b2ade99199e39c73ad182f103f9d9791f48d885c600c8e05927865baf/numpy-2.3.2-cp314-cp314-manylinux_2_27_aarch64.manylinux_2_28_aarch64.whl", hash = "sha256:af58de8745f7fa9ca1c0c7c943616c6fe28e75d0c81f5c295810e3c83b5be92f", size = 14296292, upload-time = "2025-07-24T20:51:33.488Z" },
    { url = "https://files.pythonhosted.org/packages/5d/f9/77c07d94bf110a916b17210fac38680ed8734c236bfed9982fd8524a7b47/numpy-2.3.2-cp314-cp314-manylinux_2_27_x86_64.manylinux_2_28_x86_64.whl", hash = "sha256:fed5527c4cf10f16c6d0b6bee1f89958bccb0ad2522c8cadc2efd318bcd545f5", size = 16638913, upload-time = "2025-07-24T20:51:58.517Z" },
    { url = "https://files.pythonhosted.org/packages/9b/d1/9d9f2c8ea399cc05cfff8a7437453bd4e7d894373a93cdc46361bbb49a7d/numpy-2.3.2-cp314-cp314-musllinux_1_2_aarch64.whl", hash = "sha256:095737ed986e00393ec18ec0b21b47c22889ae4b0cd2d5e88342e08b01141f58", size = 16071180, upload-time = "2025-07-24T20:52:22.827Z" },
    { url = "https://files.pythonhosted.org/packages/4c/41/82e2c68aff2a0c9bf315e47d61951099fed65d8cb2c8d9dc388cb87e947e/numpy-2.3.2-cp314-cp314-musllinux_1_2_x86_64.whl", hash = "sha256:b5e40e80299607f597e1a8a247ff8d71d79c5b52baa11cc1cce30aa92d2da6e0", size = 18576809, upload-time = "2025-07-24T20:52:51.015Z" },
    { url = "https://files.pythonhosted.org/packages/14/14/4b4fd3efb0837ed252d0f583c5c35a75121038a8c4e065f2c259be06d2d8/numpy-2.3.2-cp314-cp314-win32.whl", hash = "sha256:7d6e390423cc1f76e1b8108c9b6889d20a7a1f59d9a60cac4a050fa734d6c1e2", size = 6366410, upload-time = "2025-07-24T20:56:44.949Z" },
    { url = "https://files.pythonhosted.org/packages/11/9e/b4c24a6b8467b61aced5c8dc7dcfce23621baa2e17f661edb2444a418040/numpy-2.3.2-cp314-cp314-win_amd64.whl", hash = "sha256:b9d0878b21e3918d76d2209c924ebb272340da1fb51abc00f986c258cd5e957b", size = 12918821, upload-time = "2025-07-24T20:57:06.479Z" },
    { url = "https://files.pythonhosted.org/packages/0e/0f/0dc44007c70b1007c1cef86b06986a3812dd7106d8f946c09cfa75782556/numpy-2.3.2-cp314-cp314-win_arm64.whl", hash = "sha256:2738534837c6a1d0c39340a190177d7d66fdf432894f469728da901f8f6dc910", size = 10477303, upload-time = "2025-07-24T20:57:22.879Z" },
    { url = "https://files.pythonhosted.org/packages/8b/3e/075752b79140b78ddfc9c0a1634d234cfdbc6f9bbbfa6b7504e445ad7d19/numpy-2.3.2-cp314-cp314t-macosx_10_13_x86_64.whl", hash = "sha256:4d002ecf7c9b53240be3bb69d80f86ddbd34078bae04d87be81c1f58466f264e", size = 21047524, upload-time = "2025-07-24T20:53:22.086Z" },
    { url = "https://files.pythonhosted.org/packages/fe/6d/60e8247564a72426570d0e0ea1151b95ce5bd2f1597bb878a18d32aec855/numpy-2.3.2-cp314-cp314t-macosx_11_0_arm64.whl", hash = "sha256:293b2192c6bcce487dbc6326de5853787f870aeb6c43f8f9c6496db5b1781e45", size = 14300519, upload-time = "2025-07-24T20:53:44.053Z" },
    { url = "https://files.pythonhosted.org/packages/4d/73/d8326c442cd428d47a067070c3ac6cc3b651a6e53613a1668342a12d4479/numpy-2.3.2-cp314-cp314t-macosx_14_0_arm64.whl", hash = "sha256:0a4f2021a6da53a0d580d6ef5db29947025ae8b35b3250141805ea9a32bbe86b", size = 5228972, upload-time = "2025-07-24T20:53:53.81Z" },
    { url = "https://files.pythonhosted.org/packages/34/2e/e71b2d6dad075271e7079db776196829019b90ce3ece5c69639e4f6fdc44/numpy-2.3.2-cp314-cp314t-macosx_14_0_x86_64.whl", hash = "sha256:9c144440db4bf3bb6372d2c3e49834cc0ff7bb4c24975ab33e01199e645416f2", size = 6737439, upload-time = "2025-07-24T20:54:04.742Z" },
    { url = "https://files.pythonhosted.org/packages/15/b0/d004bcd56c2c5e0500ffc65385eb6d569ffd3363cb5e593ae742749b2daa/numpy-2.3.2-cp314-cp314t-manylinux_2_27_aarch64.manylinux_2_28_aarch64.whl", hash = "sha256:f92d6c2a8535dc4fe4419562294ff957f83a16ebdec66df0805e473ffaad8bd0", size = 14352479, upload-time = "2025-07-24T20:54:25.819Z" },
    { url = "https://files.pythonhosted.org/packages/11/e3/285142fcff8721e0c99b51686426165059874c150ea9ab898e12a492e291/numpy-2.3.2-cp314-cp314t-manylinux_2_27_x86_64.manylinux_2_28_x86_64.whl", hash = "sha256:cefc2219baa48e468e3db7e706305fcd0c095534a192a08f31e98d83a7d45fb0", size = 16702805, upload-time = "2025-07-24T20:54:50.814Z" },
    { url = "https://files.pythonhosted.org/packages/33/c3/33b56b0e47e604af2c7cd065edca892d180f5899599b76830652875249a3/numpy-2.3.2-cp314-cp314t-musllinux_1_2_aarch64.whl", hash = "sha256:76c3e9501ceb50b2ff3824c3589d5d1ab4ac857b0ee3f8f49629d0de55ecf7c2", size = 16133830, upload-time = "2025-07-24T20:55:17.306Z" },
    { url = "https://files.pythonhosted.org/packages/6e/ae/7b1476a1f4d6a48bc669b8deb09939c56dd2a439db1ab03017844374fb67/numpy-2.3.2-cp314-cp314t-musllinux_1_2_x86_64.whl", hash = "sha256:122bf5ed9a0221b3419672493878ba4967121514b1d7d4656a7580cd11dddcbf", size = 18652665, upload-time = "2025-07-24T20:55:46.665Z" },
    { url = "https://files.pythonhosted.org/packages/14/ba/5b5c9978c4bb161034148ade2de9db44ec316fab89ce8c400db0e0c81f86/numpy-2.3.2-cp314-cp314t-win32.whl", hash = "sha256:6f1ae3dcb840edccc45af496f312528c15b1f79ac318169d094e85e4bb35fdf1", size = 6514777, upload-time = "2025-07-24T20:55:57.66Z" },
    { url = "https://files.pythonhosted.org/packages/eb/46/3dbaf0ae7c17cdc46b9f662c56da2054887b8d9e737c1476f335c83d33db/numpy-2.3.2-cp314-cp314t-win_amd64.whl", hash = "sha256:087ffc25890d89a43536f75c5fe8770922008758e8eeeef61733957041ed2f9b", size = 13111856, upload-time = "2025-07-24T20:56:17.318Z" },
    { url = "https://files.pythonhosted.org/packages/c1/9e/1652778bce745a67b5fe05adde60ed362d38eb17d919a540e813d30f6874/numpy-2.3.2-cp314-cp314t-win_arm64.whl", hash = "sha256:092aeb3449833ea9c0bf0089d70c29ae480685dd2377ec9cdbbb620257f84631", size = 10544226, upload-time = "2025-07-24T20:56:34.509Z" },
]

[[package]]
name = "openpyxl"
version = "3.1.5"
source = { registry = "https://pypi.org/simple" }
dependencies = [
    { name = "et-xmlfile" },
]
sdist = { url = "https://files.pythonhosted.org/packages/3d/f9/88d94a75de065ea32619465d2f77b29a0469500e99012523b91cc4141cd1/openpyxl-3.1.5.tar.gz", hash = "sha256:cf0e3cf56142039133628b5acffe8ef0c12bc902d2aadd3e0fe5878dc08d1050", size = 186464, upload-time = "2024-06-28T14:03:44.161Z" }
wheels = [
    { url = "https://files.pythonhosted.org/packages/c0/da/977ded879c29cbd04de313843e76868e6e13408a94ed6b987245dc7c8506/openpyxl-3.1.5-py2.py3-none-any.whl", hash = "sha256:5282c12b107bffeef825f4617dc029afaf41d0ea60823bbb665ef3079dc79de2", size = 250910, upload-time = "2024-06-28T14:03:41.161Z" },
]

[[package]]
name = "pandas"
version = "2.3.2"
source = { registry = "https://pypi.org/simple" }
dependencies = [
    { name = "numpy" },
    { name = "python-dateutil" },
    { name = "pytz" },
    { name = "tzdata" },
]
sdist = { url = "https://files.pythonhosted.org/packages/79/8e/0e90233ac205ad182bd6b422532695d2b9414944a280488105d598c70023/pandas-2.3.2.tar.gz", hash = "sha256:ab7b58f8f82706890924ccdfb5f48002b83d2b5a3845976a9fb705d36c34dcdb", size = 4488684, upload-time = "2025-08-21T10:28:29.257Z" }
wheels = [
    { url = "https://files.pythonhosted.org/packages/27/64/a2f7bf678af502e16b472527735d168b22b7824e45a4d7e96a4fbb634b59/pandas-2.3.2-cp313-cp313-macosx_10_13_x86_64.whl", hash = "sha256:0c6ecbac99a354a051ef21c5307601093cb9e0f4b1855984a084bfec9302699e", size = 11531061, upload-time = "2025-08-21T10:27:34.647Z" },
    { url = "https://files.pythonhosted.org/packages/54/4c/c3d21b2b7769ef2f4c2b9299fcadd601efa6729f1357a8dbce8dd949ed70/pandas-2.3.2-cp313-cp313-macosx_11_0_arm64.whl", hash = "sha256:c6f048aa0fd080d6a06cc7e7537c09b53be6642d330ac6f54a600c3ace857ee9", size = 10668666, upload-time = "2025-08-21T10:27:37.203Z" },
    { url = "https://files.pythonhosted.org/packages/50/e2/f775ba76ecfb3424d7f5862620841cf0edb592e9abd2d2a5387d305fe7a8/pandas-2.3.2-cp313-cp313-manylinux_2_17_aarch64.manylinux2014_aarch64.whl", hash = "sha256:0064187b80a5be6f2f9c9d6bdde29372468751dfa89f4211a3c5871854cfbf7a", size = 11332835, upload-time = "2025-08-21T10:27:40.188Z" },
    { url = "https://files.pythonhosted.org/packages/8f/52/0634adaace9be2d8cac9ef78f05c47f3a675882e068438b9d7ec7ef0c13f/pandas-2.3.2-cp313-cp313-manylinux_2_17_x86_64.manylinux2014_x86_64.whl", hash = "sha256:4ac8c320bded4718b298281339c1a50fb00a6ba78cb2a63521c39bec95b0209b", size = 12057211, upload-time = "2025-08-21T10:27:43.117Z" },
    { url = "https://files.pythonhosted.org/packages/0b/9d/2df913f14b2deb9c748975fdb2491da1a78773debb25abbc7cbc67c6b549/pandas-2.3.2-cp313-cp313-musllinux_1_2_aarch64.whl", hash = "sha256:114c2fe4f4328cf98ce5716d1532f3ab79c5919f95a9cfee81d9140064a2e4d6", size = 12749277, upload-time = "2025-08-21T10:27:45.474Z" },
    { url = "https://files.pythonhosted.org/packages/87/af/da1a2417026bd14d98c236dba88e39837182459d29dcfcea510b2ac9e8a1/pandas-2.3.2-cp313-cp313-musllinux_1_2_x86_64.whl", hash = "sha256:48fa91c4dfb3b2b9bfdb5c24cd3567575f4e13f9636810462ffed8925352be5a", size = 13415256, upload-time = "2025-08-21T10:27:49.885Z" },
    { url = "https://files.pythonhosted.org/packages/22/3c/f2af1ce8840ef648584a6156489636b5692c162771918aa95707c165ad2b/pandas-2.3.2-cp313-cp313-win_amd64.whl", hash = "sha256:12d039facec710f7ba305786837d0225a3444af7bbd9c15c32ca2d40d157ed8b", size = 10982579, upload-time = "2025-08-21T10:28:08.435Z" },
    { url = "https://files.pythonhosted.org/packages/f3/98/8df69c4097a6719e357dc249bf437b8efbde808038268e584421696cbddf/pandas-2.3.2-cp313-cp313t-macosx_10_13_x86_64.whl", hash = "sha256:c624b615ce97864eb588779ed4046186f967374185c047070545253a52ab2d57", size = 12028163, upload-time = "2025-08-21T10:27:52.232Z" },
    { url = "https://files.pythonhosted.org/packages/0e/23/f95cbcbea319f349e10ff90db488b905c6883f03cbabd34f6b03cbc3c044/pandas-2.3.2-cp313-cp313t-macosx_11_0_arm64.whl", hash = "sha256:0cee69d583b9b128823d9514171cabb6861e09409af805b54459bd0c821a35c2", size = 11391860, upload-time = "2025-08-21T10:27:54.673Z" },
    { url = "https://files.pythonhosted.org/packages/ad/1b/6a984e98c4abee22058aa75bfb8eb90dce58cf8d7296f8bc56c14bc330b0/pandas-2.3.2-cp313-cp313t-manylinux_2_17_aarch64.manylinux2014_aarch64.whl", hash = "sha256:2319656ed81124982900b4c37f0e0c58c015af9a7bbc62342ba5ad07ace82ba9", size = 11309830, upload-time = "2025-08-21T10:27:56.957Z" },
    { url = "https://files.pythonhosted.org/packages/15/d5/f0486090eb18dd8710bf60afeaf638ba6817047c0c8ae5c6a25598665609/pandas-2.3.2-cp313-cp313t-manylinux_2_17_x86_64.manylinux2014_x86_64.whl", hash = "sha256:b37205ad6f00d52f16b6d09f406434ba928c1a1966e2771006a9033c736d30d2", size = 11883216, upload-time = "2025-08-21T10:27:59.302Z" },
    { url = "https://files.pythonhosted.org/packages/10/86/692050c119696da19e20245bbd650d8dfca6ceb577da027c3a73c62a047e/pandas-2.3.2-cp313-cp313t-musllinux_1_2_aarch64.whl", hash = "sha256:837248b4fc3a9b83b9c6214699a13f069dc13510a6a6d7f9ba33145d2841a012", size = 12699743, upload-time = "2025-08-21T10:28:02.447Z" },
    { url = "https://files.pythonhosted.org/packages/cd/d7/612123674d7b17cf345aad0a10289b2a384bff404e0463a83c4a3a59d205/pandas-2.3.2-cp313-cp313t-musllinux_1_2_x86_64.whl", hash = "sha256:d2c3554bd31b731cd6490d94a28f3abb8dd770634a9e06eb6d2911b9827db370", size = 13186141, upload-time = "2025-08-21T10:28:05.377Z" },
]

[[package]]
name = "prod-pdfbenchmark"
version = "0.1.0"
source = { virtual = "." }
dependencies = [
    { name = "autocorrect" },
    { name = "clean-text" },
    { name = "openpyxl" },
    { name = "pandas" },
    { name = "pymupdf" },
    { name = "rapidfuzz" },
    { name = "unidecode" },
]

[package.metadata]
requires-dist = [
    { name = "autocorrect", specifier = ">=2.6.1" },
    { name = "clean-text", specifier = ">=0.6.0" },
    { name = "openpyxl", specifier = ">=3.1.5" },
    { name = "pandas", specifier = ">=2.3.2" },
    { name = "pymupdf", specifier = ">=1.26.5" },
    { name = "rapidfuzz", specifier = ">=3.14.0" },
    { name = "unidecode", specifier = ">=1.4.0" },
]

[[package]]
name = "pymupdf"
version = "1.26.5"
source = { registry = "https://pypi.org/simple" }
sdist = { url = "https://files.pythonhosted.org/packages/8d/9a/e0a4e92a85fc17be7c54afdbb113f0ade2a8bca49856d510e28bd249e462/pymupdf-1.26.5.tar.gz", hash = "sha256:8ef335e07f648492df240f2247854d0e7c0467afb9c4dc2376ec30978ec158c3", size = 84319274, upload-time = "2025-10-10T14:04:51.826Z" }
wheels = [
    { url = "https://files.pythonhosted.org/packages/dd/3f/7fc927fd66922ce838d4c974ff9a685c5f5aba108a5d94914dc05c9371f5/pymupdf-1.26.5-cp39-abi3-macosx_10_9_x86_64.whl", hash = "sha256:2bfb58f07ad631e5f71ad0bd6f1ff52700f7ba7ebb4973130e81e75b721beae1", size = 23065601, upload-time = "2025-10-10T13:58:43.98Z" },
    { url = "https://files.pythonhosted.org/packages/c1/e2/e87e62284ba98d59f1fd4fc7542ef2ed0002525754a485fa4077b3bbddae/pymupdf-1.26.5-cp39-abi3-macosx_11_0_arm64.whl", hash = "sha256:d58599479bc471d3ae56c3d68d9160d0b7de8a3bd40221ddc3a4eaae2d281b86", size = 22412612, upload-time = "2025-10-10T13:59:04.846Z" },
    { url = "https://files.pythonhosted.org/packages/df/c2/af93c6367f79e9b5435f803bde51c1dc8225f054f8238162dda80b44986d/pymupdf-1.26.5-cp39-abi3-manylinux_2_28_aarch64.whl", hash = "sha256:7dfea81fdd73437a6a6ce83e1fcf556faee9327a6540571e58bf04fa362bb0cd", size = 23457410, upload-time = "2025-10-10T22:45:26.355Z" },
    { url = "https://files.pythonhosted.org/packages/5b/5a/1292a0df4ff71fbc00dfa8c08759d17c97e1e8ea9277eb5bc5f079ca188d/pymupdf-1.26.5-cp39-abi3-manylinux_2_28_x86_64.whl", hash = "sha256:caad0ffeb63dcc4a29ca40f3c68d7b78d32a932e834b0056b529cc0bdbaaffc9", size = 24064941, upload-time = "2025-10-10T13:59:48.544Z" },
    { url = "https://files.pythonhosted.org/packages/28/90/87b7fdfc9cd6991a3eb69a5752f6343374c34f258c511c242f4d60791eea/pymupdf-1.26.5-cp39-abi3-musllinux_1_2_x86_64.whl", hash = "sha256:e24e7a7d696bd398543cc5c147869edb2026d5d5a21b7f8e35db2f20170b389e", size = 24268203, upload-time = "2025-10-10T14:00:28.791Z" },
    { url = "https://files.pythonhosted.org/packages/2c/99/9d4b36485538e29df0a013fb02bbf6b5b0743a428fa07515e36631c43363/pymupdf-1.26.5-cp39-abi3-win32.whl", hash = "sha256:a2a42f5911d153a47bf5c3e162a0bfe8745eb9bec3e59fbaf87617b4003d8270", size = 17130722, upload-time = "2025-10-10T14:00:51.377Z" },
    { url = "https://files.pythonhosted.org/packages/c6/96/fd59c1532891762ea4815e73956c532053d5e26d56969e1e5d1e4ca4b207/pymupdf-1.26.5-cp39-abi3-win_amd64.whl", hash = "sha256:39a6fb58182b27b51ea8150a0cd2e4ee7e0cf71e9d6723978f28699b42ee61ae", size = 18747258, upload-time = "2025-10-10T14:01:37.346Z" },
]

[[package]]
name = "python-dateutil"
version = "2.9.0.post0"
source = { registry = "https://pypi.org/simple" }
dependencies = [
    { name = "six" },
]
sdist = { url = "https://files.pythonhosted.org/packages/66/c0/0c8b6ad9f17a802ee498c46e004a0eb49bc148f2fd230864601a86dcf6db/python-dateutil-2.9.0.post0.tar.gz", hash = "sha256:37dd54208da7e1cd875388217d5e00ebd4179249f90fb72437e91a35459a0ad3", size = 342432, upload-time = "2024-03-01T18:36:20.211Z" }
wheels = [
    { url = "https://files.pythonhosted.org/packages/ec/57/56b9bcc3c9c6a792fcbaf139543cee77261f3651ca9da0c93f5c1221264b/python_dateutil-2.9.0.post0-py2.py3-none-any.whl", hash = "sha256:a8b2bc7bffae282281c8140a97d3aa9c14da0b136dfe83f850eea9a5f7470427", size = 229892, upload-time = "2024-03-01T18:36:18.57Z" },
]

[[package]]
name = "pytz"
version = "2025.2"
source = { registry = "https://pypi.org/simple" }
sdist = { url = "https://files.pythonhosted.org/packages/f8/bf/abbd3cdfb8fbc7fb3d4d38d320f2441b1e7cbe29be4f23797b4a2b5d8aac/pytz-2025.2.tar.gz", hash = "sha256:360b9e3dbb49a209c21ad61809c7fb453643e048b38924c765813546746e81c3", size = 320884, upload-time = "2025-03-25T02:25:00.538Z" }
wheels = [
    { url = "https://files.pythonhosted.org/packages/81/c4/34e93fe5f5429d7570ec1fa436f1986fb1f00c3e0f43a589fe2bbcd22c3f/pytz-2025.2-py2.py3-none-any.whl", hash = "sha256:5ddf76296dd8c44c26eb8f4b6f35488f3ccbf6fbbd7adee0b7262d43f0ec2f00", size = 509225, upload-time = "2025-03-25T02:24:58.468Z" },
]

[[package]]
name = "rapidfuzz"
version = "3.14.0"
source = { registry = "https://pypi.org/simple" }
sdist = { url = "https://files.pythonhosted.org/packages/d4/11/0de727b336f28e25101d923c9feeeb64adcf231607fe7e1b083795fa149a/rapidfuzz-3.14.0.tar.gz", hash = "sha256:672b6ba06150e53d7baf4e3d5f12ffe8c213d5088239a15b5ae586ab245ac8b2", size = 58073448, upload-time = "2025-08-27T13:41:31.541Z" }
wheels = [
    { url = "https://files.pythonhosted.org/packages/04/b1/e6875e32209b28a581d3b8ec1ffded8f674de4a27f4540ec312d0ecf4b83/rapidfuzz-3.14.0-cp313-cp313-macosx_10_13_x86_64.whl", hash = "sha256:5cf3828b8cbac02686e1d5c499c58e43c5f613ad936fe19a2d092e53f3308ccd", size = 2015663, upload-time = "2025-08-27T13:39:55.815Z" },
    { url = "https://files.pythonhosted.org/packages/f1/c7/702472c4f3c4e5f9985bb5143405a5c4aadf3b439193f4174944880c50a3/rapidfuzz-3.14.0-cp313-cp313-macosx_11_0_arm64.whl", hash = "sha256:68c3931c19c51c11654cf75f663f34c0c7ea04c456c84ccebfd52b2047121dba", size = 1472180, upload-time = "2025-08-27T13:39:57.663Z" },
    { url = "https://files.pythonhosted.org/packages/49/e1/c22fc941b8e506db9a6f051298e17edbae76e1be63e258e51f13791d5eb2/rapidfuzz-3.14.0-cp313-cp313-manylinux_2_26_aarch64.manylinux_2_28_aarch64.whl", hash = "sha256:9b4232168959af46f2c0770769e7986ff6084d97bc4b6b2b16b2bfa34164421b", size = 1461676, upload-time = "2025-08-27T13:39:59.409Z" },
    { url = "https://files.pythonhosted.org/packages/97/4c/9dd58e4b4d2b1b7497c35c5280b4fa064bd6e6e3ed5fcf67513faaa2d4f4/rapidfuzz-3.14.0-cp313-cp313-manylinux_2_26_ppc64le.manylinux_2_28_ppc64le.whl", hash = "sha256:174c784cecfafe22d783b5124ebffa2e02cc01e49ffe60a28ad86d217977f478", size = 1774563, upload-time = "2025-08-27T13:40:01.284Z" },
    { url = "https://files.pythonhosted.org/packages/96/8f/89a39ab5fbd971e6a25431edbbf66e255d271a0b67aadc340b8e8bf573e7/rapidfuzz-3.14.0-cp313-cp313-manylinux_2_26_s390x.manylinux_2_28_s390x.whl", hash = "sha256:0b2dedf216f43a50f227eee841ef0480e29e26b2ce2d7ee680b28354ede18627", size = 2332659, upload-time = "2025-08-27T13:40:03.04Z" },
    { url = "https://files.pythonhosted.org/packages/34/b0/f30f9bae81a472182787641c9c2430da79431c260f7620899a105ee959d0/rapidfuzz-3.14.0-cp313-cp313-manylinux_2_27_x86_64.manylinux_2_28_x86_64.whl", hash = "sha256:5698239eecf5b759630450ef59521ad3637e5bd4afc2b124ae8af2ff73309c41", size = 3289626, upload-time = "2025-08-27T13:40:04.77Z" },
    { url = "https://files.pythonhosted.org/packages/d2/b9/c9eb0bfb62972123a23b31811d4d345e8dd46cb3083d131dd3c1c97b70af/rapidfuzz-3.14.0-cp313-cp313-manylinux_2_31_armv7l.whl", hash = "sha256:0acc9553fc26f1c291c381a6aa8d3c5625be23b5721f139528af40cc4119ae1d", size = 1324164, upload-time = "2025-08-27T13:40:06.642Z" },
    { url = "https://files.pythonhosted.org/packages/7f/a1/91bf79a76626bd0dae694ad9c57afdad2ca275f9808f69e570be39a99e71/rapidfuzz-3.14.0-cp313-cp313-musllinux_1_2_aarch64.whl", hash = "sha256:00141dfd3b8c9ae15fbb5fbd191a08bde63cdfb1f63095d8f5faf1698e30da93", size = 2480695, upload-time = "2025-08-27T13:40:08.459Z" },
    { url = "https://files.pythonhosted.org/packages/2f/6a/bfab3575842d8ccc406c3fa8c618b476363e4218a0d01394543c741ef1bd/rapidfuzz-3.14.0-cp313-cp313-musllinux_1_2_armv7l.whl", hash = "sha256:67f725c3f5713da6e0750dc23f65f0f822c6937c25e3fc9ee797aa6783bef8c1", size = 2628236, upload-time = "2025-08-27T13:40:10.27Z" },
    { url = "https://files.pythonhosted.org/packages/5d/10/e7e99ca1a6546645aa21d1b426f728edbfb7a3abcb1a7b7642353b79ae57/rapidfuzz-3.14.0-cp313-cp313-musllinux_1_2_ppc64le.whl", hash = "sha256:ba351cf2678d40a23fb4cbfe82cc45ea338a57518dca62a823c5b6381aa20c68", size = 2893483, upload-time = "2025-08-27T13:40:12.079Z" },
    { url = "https://files.pythonhosted.org/packages/00/11/fb46a86659e2bb304764478a28810f36bb56f794087f34a5bd1b81dd0be5/rapidfuzz-3.14.0-cp313-cp313-musllinux_1_2_s390x.whl", hash = "sha256:558323dcd5fb38737226be84c78cafbe427706e47379f02c57c3e35ac3745061", size = 3411761, upload-time = "2025-08-27T13:40:14.051Z" },
    { url = "https://files.pythonhosted.org/packages/fc/76/89eabf1e7523f6dc996ea6b2bfcfd22565cdfa830c7c3af0ebc5b17e9ce7/rapidfuzz-3.14.0-cp313-cp313-musllinux_1_2_x86_64.whl", hash = "sha256:cb4e4ea174add5183c707d890a816a85e9330f93e5ded139dab182adc727930c", size = 4404126, upload-time = "2025-08-27T13:40:16.39Z" },
    { url = "https://files.pythonhosted.org/packages/c8/6c/ddc7ee86d392908efdf95a1242b87b94523f6feaa368b7a24efa39ecd9d9/rapidfuzz-3.14.0-cp313-cp313-win32.whl", hash = "sha256:ec379e1b407935d729c08da9641cfc5dfb2a7796f74cdd82158ce5986bb8ff88", size = 1828545, upload-time = "2025-08-27T13:40:19.069Z" },
    { url = "https://files.pythonhosted.org/packages/95/47/2a271455b602eef360cd5cc716d370d7ab47b9d57f00263821a217fd30f4/rapidfuzz-3.14.0-cp313-cp313-win_amd64.whl", hash = "sha256:4b59ba48a909bdf7ec5dad6e3a5a0004aeec141ae5ddb205d0c5bd4389894cf9", size = 1658600, upload-time = "2025-08-27T13:40:21.278Z" },
    { url = "https://files.pythonhosted.org/packages/86/47/5acb5d160a091c3175c6f5e3f227ccdf03b201b05ceaad2b8b7f5009ebe9/rapidfuzz-3.14.0-cp313-cp313-win_arm64.whl", hash = "sha256:e688b0a98edea42da450fa6ba41736203ead652a78b558839916c10df855f545", size = 885686, upload-time = "2025-08-27T13:40:23.254Z" },
    { url = "https://files.pythonhosted.org/packages/dc/f2/203c44a06dfefbb580ad7b743333880d600d7bdff693af9d290bd2b09742/rapidfuzz-3.14.0-cp313-cp313t-macosx_10_13_x86_64.whl", hash = "sha256:cb6c5a46444a2787e466acd77e162049f061304025ab24da02b59caedea66064", size = 2041214, upload-time = "2025-08-27T13:40:25.051Z" },
    { url = "https://files.pythonhosted.org/packages/ec/db/6571a5bbba38255ede8098b3b45c007242788e5a5c3cdbe7f6f03dd6daed/rapidfuzz-3.14.0-cp313-cp313t-macosx_11_0_arm64.whl", hash = "sha256:99ed7a9e9ff798157caf3c3d96ca7da6560878902d8f70fa7731acc94e0d293c", size = 1501621, upload-time = "2025-08-27T13:40:26.881Z" },
    { url = "https://files.pythonhosted.org/packages/0b/85/efbae42fe8ca2bdb967751da1df2e3ebb5be9ea68f22f980731e5c18ce25/rapidfuzz-3.14.0-cp313-cp313t-win32.whl", hash = "sha256:c8e954dd59291ff0cd51b9c0f425e5dc84731bb006dbd5b7846746fe873a0452", size = 1887956, upload-time = "2025-08-27T13:40:29.143Z" },
    { url = "https://files.pythonhosted.org/packages/c8/60/2bb44b5ecb7151093ed7e2020156f260bdd9a221837f57a0bc5938b2b6d1/rapidfuzz-3.14.0-cp313-cp313t-win_amd64.whl", hash = "sha256:5754e3ca259667c46a2b58ca7d7568251d6e23d2f0e354ac1cc5564557f4a32d", size = 1702542, upload-time = "2025-08-27T13:40:31.103Z" },
    { url = "https://files.pythonhosted.org/packages/6f/b7/688e9ab091545ff8eed564994a01309d8a52718211f27af94743d55b3c80/rapidfuzz-3.14.0-cp313-cp313t-win_arm64.whl", hash = "sha256:558865f6825d27006e6ae2e1635cfe236d736c8f2c5c82db6db4b1b6df4478bc", size = 912891, upload-time = "2025-08-27T13:40:33.263Z" },
    { url = "https://files.pythonhosted.org/packages/a5/12/9c29b975f742db04da5017640dbc2dcfaaf0d6336598071cd2ca8b0dc783/rapidfuzz-3.14.0-cp314-cp314-macosx_10_13_x86_64.whl", hash = "sha256:3cc4bd8de6643258c5899f21414f9d45d7589d158eee8d438ea069ead624823b", size = 2015534, upload-time = "2025-08-27T13:40:35.1Z" },
    { url = "https://files.pythonhosted.org/packages/6a/09/ff3a79a6d5f532e7f30569ded892e28c462c0808f01b155509adbcc001e7/rapidfuzz-3.14.0-cp314-cp314-macosx_11_0_arm64.whl", hash = "sha256:081aac1acb4ab449f8ea7d4e5ea268227295503e1287f56f0b56c7fc3452da1e", size = 1473359, upload-time = "2025-08-27T13:40:36.991Z" },
    { url = "https://files.pythonhosted.org/packages/fe/e9/000792dff6ad6ccc52880bc21d29cf05fabef3004261039ba31965310130/rapidfuzz-3.14.0-cp314-cp314-manylinux_2_26_aarch64.manylinux_2_28_aarch64.whl", hash = "sha256:3e0209c6ef7f2c732e10ce4fccafcf7d9e79eb8660a81179aa307c7bd09fafcd", size = 1469241, upload-time = "2025-08-27T13:40:38.82Z" },
    { url = "https://files.pythonhosted.org/packages/6e/5d/1556dc5fbd91d4c27708272692361970d167f8142642052c8e874fcfd9a9/rapidfuzz-3.14.0-cp314-cp314-manylinux_2_26_ppc64le.manylinux_2_28_ppc64le.whl", hash = "sha256:6e4610997e9de08395e8632b605488a9efc859fe0516b6993b3925f3057f9da7", size = 1779910, upload-time = "2025-08-27T13:40:40.598Z" },
    { url = "https://files.pythonhosted.org/packages/52/fb/6c11600aa5eec998c27c53a617820bb3cdfa0603c164b9e8028f7e715b9e/rapidfuzz-3.14.0-cp314-cp314-manylinux_2_26_s390x.manylinux_2_28_s390x.whl", hash = "sha256:efd0095cde6d0179c92c997ede4b85158bf3c7386043e2fadbee291018b29300", size = 2340555, upload-time = "2025-08-27T13:40:42.641Z" },
    { url = "https://files.pythonhosted.org/packages/62/46/63746cb12724ea819ee469f2aed4c4c0be4a5bbb2f9174b29298a14def16/rapidfuzz-3.14.0-cp314-cp314-manylinux_2_27_x86_64.manylinux_2_28_x86_64.whl", hash = "sha256:0a141c07f9e97c45e67aeed677bac92c08f228c556a80750ea3e191e82d54034", size = 3295540, upload-time = "2025-08-27T13:40:45.721Z" },
    { url = "https://files.pythonhosted.org/packages/33/23/1be0841eed0f196772f2d4fd7b21cfa73501ce96b44125726c4c739df5ae/rapidfuzz-3.14.0-cp314-cp314-manylinux_2_31_armv7l.whl", hash = "sha256:5a9de40fa6be7809fd2579c8020b9edaf6f50ffc43082b14e95ad3928a254f22", size = 1318384, upload-time = "2025-08-27T13:40:47.814Z" },
    { url = "https://files.pythonhosted.org/packages/0d/aa/457c11d0495ab75de7a9b5b61bce041f5dd5a9c39d2d297a73be124518fd/rapidfuzz-3.14.0-cp314-cp314-musllinux_1_2_aarch64.whl", hash = "sha256:20f510dae17bad8f4909ab32b40617f964af55131e630de7ebc0ffa7f00fe634", size = 2487028, upload-time = "2025-08-27T13:40:49.784Z" },
    { url = "https://files.pythonhosted.org/packages/73/fc/d8e4b7163064019de5f4c8c3e4af95331208c67738c024214f408b480018/rapidfuzz-3.14.0-cp314-cp314-musllinux_1_2_armv7l.whl", hash = "sha256:79c3fd17a432c3f74de94782d7139f9a22e948cec31659a1a05d67b5c0f4290e", size = 2622505, upload-time = "2025-08-27T13:40:52.077Z" },
    { url = "https://files.pythonhosted.org/packages/27/91/0cb2cdbc4b223187e6269002ad73f49f6312844ecbdcd061c2770cf01539/rapidfuzz-3.14.0-cp314-cp314-musllinux_1_2_ppc64le.whl", hash = "sha256:8cde9ffb86ea33d67cce9b26b513a177038be48ee2eb4d856cc60a75cb698db7", size = 2898844, upload-time = "2025-08-27T13:40:54.285Z" },
    { url = "https://files.pythonhosted.org/packages/d8/73/dc997aaa88d6850938c73bda3f6185d77800bc04a26c084a3a3b95e139ed/rapidfuzz-3.14.0-cp314-cp314-musllinux_1_2_s390x.whl", hash = "sha256:cafb657c8f2959761bca40c0da66f29d111e2c40d91f8ed4a75cc486c99b33ae", size = 3419941, upload-time = "2025-08-27T13:40:56.35Z" },
    { url = "https://files.pythonhosted.org/packages/fb/c0/b02d5bd8effd7dedb2c65cbdd85579ba42b21fb9579f833bca9252f2fe02/rapidfuzz-3.14.0-cp314-cp314-musllinux_1_2_x86_64.whl", hash = "sha256:4d80a9f673c534800d73f164ed59620e2ba820ed3840abb67c56022ad043564b", size = 4408912, upload-time = "2025-08-27T13:40:58.465Z" },
    { url = "https://files.pythonhosted.org/packages/b0/38/68f0f8a03fde87a8905a029a0dcdb716a2faf15c8e8895ef4a7f26b085e6/rapidfuzz-3.14.0-cp314-cp314-win32.whl", hash = "sha256:da9878a01357c7906fb16359b3622ce256933a3286058ee503358859e1442f68", size = 1862571, upload-time = "2025-08-27T13:41:00.581Z" },
    { url = "https://files.pythonhosted.org/packages/43/5e/98ba43b2660c83b683221706f1cca1409c99eafd458e028142ef32d21baa/rapidfuzz-3.14.0-cp314-cp314-win_amd64.whl", hash = "sha256:09af941076ef18f6c2b35acfd5004c60d03414414058e98ece6ca9096f454870", size = 1706951, upload-time = "2025-08-27T13:41:02.63Z" },
    { url = "https://files.pythonhosted.org/packages/65/eb/60ac6b461dc71be3405ce469e7aee56adbe121666ed5326dce6bd579fa52/rapidfuzz-3.14.0-cp314-cp314-win_arm64.whl", hash = "sha256:1a878eb065ce6061038dd1c0b9e8eb7477f7d05d5c5161a1d2a5fa630818f938", size = 912456, upload-time = "2025-08-27T13:41:04.971Z" },
    { url = "https://files.pythonhosted.org/packages/00/7f/a4325050d6cfb89c2fde4fe6e918820b941c3dc0cbbd08b697b66d9e0a06/rapidfuzz-3.14.0-cp314-cp314t-macosx_10_13_x86_64.whl", hash = "sha256:33ce0326e6feb0d2207a7ca866a5aa6a2ac2361f1ca43ca32aca505268c18ec9", size = 2041108, upload-time = "2025-08-27T13:41:06.953Z" },
    { url = "https://files.pythonhosted.org/packages/c9/77/b4965b3a8ec7b30515bc184a95c75ae9406c95ad0cfa61f32bee366e1859/rapidfuzz-3.14.0-cp314-cp314t-macosx_11_0_arm64.whl", hash = "sha256:e8056d10e99dedf110e929fdff4de6272057115b28eeef4fb6f0d99fd73c026f", size = 1501577, upload-time = "2025-08-27T13:41:08.963Z" },
    { url = "https://files.pythonhosted.org/packages/4a/5e/0886bd2f525d6e5011378b8eb51a29137df3dec55fafa39ffb77823771bf/rapidfuzz-3.14.0-cp314-cp314t-win32.whl", hash = "sha256:ddde238b7076e49c2c21a477ee4b67143e1beaf7a3185388fe0b852e64c6ef52", size = 1925406, upload-time = "2025-08-27T13:41:11.207Z" },
    { url = "https://files.pythonhosted.org/packages/2a/56/8ddf6d8cf4b7e04c49861a38b791b4f0d5b3f1270ff3ade1aabdf6b19b7a/rapidfuzz-3.14.0-cp314-cp314t-win_amd64.whl", hash = "sha256:ef24464be04a7da1adea741376ddd2b092e0de53c9b500fd3c2e38e071295c9e", size = 1751584, upload-time = "2025-08-27T13:41:13.628Z" },
    { url = "https://files.pythonhosted.org/packages/b0/0c/825f6055e49d7ee943be95ca0d62bb6e5fbfd7b7c30bbfca7d00ac5670e7/rapidfuzz-3.14.0-cp314-cp314t-win_arm64.whl", hash = "sha256:fd4a27654f51bed3518bc5bbf166627caf3ddd858b12485380685777421f8933", size = 936661, upload-time = "2025-08-27T13:41:15.566Z" },
]

[[package]]
name = "six"
version = "1.17.0"
source = { registry = "https://pypi.org/simple" }
sdist = { url = "https://files.pythonhosted.org/packages/94/e7/b2c673351809dca68a0e064b6af791aa332cf192da575fd474ed7d6f16a2/six-1.17.0.tar.gz", hash = "sha256:ff70335d468e7eb6ec65b95b99d3a2836546063f63acc5171de367e834932a81", size = 34031, upload-time = "2024-12-04T17:35:28.174Z" }
wheels = [
    { url = "https://files.pythonhosted.org/packages/b7/ce/149a00dd41f10bc29e5921b496af8b574d8413afcd5e30dfa0ed46c2cc5e/six-1.17.0-py2.py3-none-any.whl", hash = "sha256:4721f391ed90541fddacab5acf947aa0d3dc7d27b2e1e8eda2be8970586c3274", size = 11050, upload-time = "2024-12-04T17:35:26.475Z" },
]

[[package]]
name = "tzdata"
version = "2025.2"
source = { registry = "https://pypi.org/simple" }
sdist = { url = "https://files.pythonhosted.org/packages/95/32/1a225d6164441be760d75c2c42e2780dc0873fe382da3e98a2e1e48361e5/tzdata-2025.2.tar.gz", hash = "sha256:b60a638fcc0daffadf82fe0f57e53d06bdec2f36c4df66280ae79bce6bd6f2b9", size = 196380, upload-time = "2025-03-23T13:54:43.652Z" }
wheels = [
    { url = "https://files.pythonhosted.org/packages/5c/23/c7abc0ca0a1526a0774eca151daeb8de62ec457e77262b66b359c3c7679e/tzdata-2025.2-py2.py3-none-any.whl", hash = "sha256:1a403fada01ff9221ca8044d701868fa132215d84beb92242d9acd2147f667a8", size = 347839, upload-time = "2025-03-23T13:54:41.845Z" },
]

[[package]]
name = "unidecode"
version = "1.4.0"
source = { registry = "https://pypi.org/simple" }
sdist = { url = "https://files.pythonhosted.org/packages/94/7d/a8a765761bbc0c836e397a2e48d498305a865b70a8600fd7a942e85dcf63/Unidecode-1.4.0.tar.gz", hash = "sha256:ce35985008338b676573023acc382d62c264f307c8f7963733405add37ea2b23", size = 200149, upload-time = "2025-04-24T08:45:03.798Z" }
wheels = [
    { url = "https://files.pythonhosted.org/packages/8f/b7/559f59d57d18b44c6d1250d2eeaa676e028b9c527431f5d0736478a73ba1/Unidecode-1.4.0-py3-none-any.whl", hash = "sha256:c3c7606c27503ad8d501270406e345ddb480a7b5f38827eafe4fa82a137f0021", size = 235837, upload-time = "2025-04-24T08:45:01.609Z" },
]

[[package]]
name = "wcwidth"
version = "0.2.14"
source = { registry = "https://pypi.org/simple" }
sdist = { url = "https://files.pythonhosted.org/packages/24/30/6b0809f4510673dc723187aeaf24c7f5459922d01e2f794277a3dfb90345/wcwidth-0.2.14.tar.gz", hash = "sha256:4d478375d31bc5395a3c55c40ccdf3354688364cd61c4f6adacaa9215d0b3605", size = 102293, upload-time = "2025-09-22T16:29:53.023Z" }
wheels = [
    { url = "https://files.pythonhosted.org/packages/af/b5/123f13c975e9f27ab9c0770f514345bd406d0e8d3b7a0723af9d43f710af/wcwidth-0.2.14-py2.py3-none-any.whl", hash = "sha256:a7bb560c8aee30f9957e5f9895805edd20602f2d7f720186dfd906e82b4982e1", size = 37286, upload-time = "2025-09-22T16:29:51.641Z" },
]
